
Microsoft Visual Studio Solution File, Format Version 12.00
# Visual Studio 15
VisualStudioVersion = 15.0.28010.2026
MinimumVisualStudioVersion = 10.0.40219.1
Project("{9A19103F-16F7-4668-BE54-9A1E7A4F7556}") = "QuickApi.ConsoleApp", "QuickApi.ConsoleApp\QuickApi.ConsoleApp.csproj", "{6BF754CF-0761-4784-A9C3-07A8F8A202A8}"
EndProject
Project("{00D1A9C2-B5F0-4AF3-8072-F6C62B433612}") = "QuickApi.Database", "QuickApi.Database\QuickApi.Database.sqlproj", "{712F82D7-C49D-4BF5-80B0-DE6E137D8EC8}"
EndProject
Project("{9A19103F-16F7-4668-BE54-9A1E7A4F7556}") = "QuickApi.Models", "QuickApi.Models\QuickApi.Models.csproj", "{B8A6E56A-5E1B-444C-8F69-BAECFEC41353}"
EndProject
Project("{FAE04EC0-301F-11D3-BF4B-00C04F79EFBC}") = "QuickApi.Entities", "QuickApi.Entities\QuickApi.Entities.csproj", "{7F1A8CEA-EA9C-4CD4-BCEE-2D0223BA7D01}"
EndProject
Global
	GlobalSection(SolutionConfigurationPlatforms) = preSolution
		Debug|Any CPU = Debug|Any CPU
		Release|Any CPU = Release|Any CPU
	EndGlobalSection
	GlobalSection(ProjectConfigurationPlatforms) = postSolution
		{6BF754CF-0761-4784-A9C3-07A8F8A202A8}.Debug|Any CPU.ActiveCfg = Debug|Any CPU
		{6BF754CF-0761-4784-A9C3-07A8F8A202A8}.Debug|Any CPU.Build.0 = Debug|Any CPU
		{6BF754CF-0761-4784-A9C3-07A8F8A202A8}.Release|Any CPU.ActiveCfg = Release|Any CPU
		{6BF754CF-0761-4784-A9C3-07A8F8A202A8}.Release|Any CPU.Build.0 = Release|Any CPU
		{712F82D7-C49D-4BF5-80B0-DE6E137D8EC8}.Debug|Any CPU.ActiveCfg = Debug|Any CPU
		{712F82D7-C49D-4BF5-80B0-DE6E137D8EC8}.Debug|Any CPU.Build.0 = Debug|Any CPU
		{712F82D7-C49D-4BF5-80B0-DE6E137D8EC8}.Debug|Any CPU.Deploy.0 = Debug|Any CPU
		{712F82D7-C49D-4BF5-80B0-DE6E137D8EC8}.Release|Any CPU.ActiveCfg = Release|Any CPU
		{712F82D7-C49D-4BF5-80B0-DE6E137D8EC8}.Release|Any CPU.Build.0 = Release|Any CPU
		{712F82D7-C49D-4BF5-80B0-DE6E137D8EC8}.Release|Any CPU.Deploy.0 = Release|Any CPU
		{B8A6E56A-5E1B-444C-8F69-BAECFEC41353}.Debug|Any CPU.ActiveCfg = Debug|Any CPU
		{B8A6E56A-5E1B-444C-8F69-BAECFEC41353}.Debug|Any CPU.Build.0 = Debug|Any CPU
		{B8A6E56A-5E1B-444C-8F69-BAECFEC41353}.Release|Any CPU.ActiveCfg = Release|Any CPU
		{B8A6E56A-5E1B-444C-8F69-BAECFEC41353}.Release|Any CPU.Build.0 = Release|Any CPU
		{7F1A8CEA-EA9C-4CD4-BCEE-2D0223BA7D01}.Debug|Any CPU.ActiveCfg = Debug|Any CPU
		{7F1A8CEA-EA9C-4CD4-BCEE-2D0223BA7D01}.Debug|Any CPU.Build.0 = Debug|Any CPU
		{7F1A8CEA-EA9C-4CD4-BCEE-2D0223BA7D01}.Release|Any CPU.ActiveCfg = Release|Any CPU
		{7F1A8CEA-EA9C-4CD4-BCEE-2D0223BA7D01}.Release|Any CPU.Build.0 = Release|Any CPU
	EndGlobalSection
	GlobalSection(SolutionProperties) = preSolution
		HideSolutionNode = FALSE
	EndGlobalSection
	GlobalSection(ExtensibilityGlobals) = postSolution
		SolutionGuid = {222954C4-2A83-4D69-876E-931A0B17468B}
	EndGlobalSection
EndGlobal
